
Microsoft Visual Studio Solution File, Format Version 12.00
# Visual Studio 2012
Project("{D954291E-2A0B-460D-934E-DC6B0785DB48}") = "AIS", "master2\AIS.shproj", "{E086843C-656E-445C-B024-3DFA1C081479}"
EndProject
Project("{FAE04EC0-301F-11D3-BF4B-00C04F79EFBC}") = "master2.iOS", "iOS\master2.iOS.csproj", "{0A2DA84E-A506-4EE1-8B56-33C0AD82A704}"
EndProject
Project("{FAE04EC0-301F-11D3-BF4B-00C04F79EFBC}") = "master2.Droid", "Droid\master2.Droid.csproj", "{588ABF07-2534-4A1B-A2DE-0C6AA5A9EF76}"
EndProject
Global
	GlobalSection(SolutionConfigurationPlatforms) = preSolution
		Debug|iPhoneSimulator = Debug|iPhoneSimulator
		Release|iPhone = Release|iPhone
		Release|iPhoneSimulator = Release|iPhoneSimulator
		Debug|iPhone = Debug|iPhone
		Debug|Any CPU = Debug|Any CPU
		Release|Any CPU = Release|Any CPU
	EndGlobalSection
	GlobalSection(ProjectConfigurationPlatforms) = postSolution
		{0A2DA84E-A506-4EE1-8B56-33C0AD82A704}.Debug|iPhoneSimulator.ActiveCfg = Debug|iPhoneSimulator
		{0A2DA84E-A506-4EE1-8B56-33C0AD82A704}.Debug|iPhoneSimulator.Build.0 = Debug|iPhoneSimulator
		{0A2DA84E-A506-4EE1-8B56-33C0AD82A704}.Release|iPhone.ActiveCfg = Release|iPhone
		{0A2DA84E-A506-4EE1-8B56-33C0AD82A704}.Release|iPhone.Build.0 = Release|iPhone
		{0A2DA84E-A506-4EE1-8B56-33C0AD82A704}.Release|iPhoneSimulator.ActiveCfg = Release|iPhoneSimulator
		{0A2DA84E-A506-4EE1-8B56-33C0AD82A704}.Release|iPhoneSimulator.Build.0 = Release|iPhoneSimulator
		{0A2DA84E-A506-4EE1-8B56-33C0AD82A704}.Debug|iPhone.ActiveCfg = Debug|iPhone
		{0A2DA84E-A506-4EE1-8B56-33C0AD82A704}.Debug|iPhone.Build.0 = Debug|iPhone
		{0A2DA84E-A506-4EE1-8B56-33C0AD82A704}.Debug|Any CPU.ActiveCfg = Debug|iPhoneSimulator
		{0A2DA84E-A506-4EE1-8B56-33C0AD82A704}.Debug|Any CPU.Build.0 = Debug|iPhoneSimulator
		{0A2DA84E-A506-4EE1-8B56-33C0AD82A704}.Release|Any CPU.ActiveCfg = Release|iPhone
		{0A2DA84E-A506-4EE1-8B56-33C0AD82A704}.Release|Any CPU.Build.0 = Release|iPhone
		{588ABF07-2534-4A1B-A2DE-0C6AA5A9EF76}.Debug|iPhoneSimulator.ActiveCfg = Debug|Any CPU
		{588ABF07-2534-4A1B-A2DE-0C6AA5A9EF76}.Debug|iPhoneSimulator.Build.0 = Debug|Any CPU
		{588ABF07-2534-4A1B-A2DE-0C6AA5A9EF76}.Release|iPhone.ActiveCfg = Release|Any CPU
		{588ABF07-2534-4A1B-A2DE-0C6AA5A9EF76}.Release|iPhone.Build.0 = Release|Any CPU
		{588ABF07-2534-4A1B-A2DE-0C6AA5A9EF76}.Release|iPhoneSimulator.ActiveCfg = Release|Any CPU
		{588ABF07-2534-4A1B-A2DE-0C6AA5A9EF76}.Release|iPhoneSimulator.Build.0 = Release|Any CPU
		{588ABF07-2534-4A1B-A2DE-0C6AA5A9EF76}.Debug|iPhone.ActiveCfg = Debug|Any CPU
		{588ABF07-2534-4A1B-A2DE-0C6AA5A9EF76}.Debug|iPhone.Build.0 = Debug|Any CPU
		{588ABF07-2534-4A1B-A2DE-0C6AA5A9EF76}.Debug|Any CPU.ActiveCfg = Debug|Any CPU
		{588ABF07-2534-4A1B-A2DE-0C6AA5A9EF76}.Debug|Any CPU.Build.0 = Debug|Any CPU
		{588ABF07-2534-4A1B-A2DE-0C6AA5A9EF76}.Release|Any CPU.ActiveCfg = Release|Any CPU
		{588ABF07-2534-4A1B-A2DE-0C6AA5A9EF76}.Release|Any CPU.Build.0 = Release|Any CPU
	EndGlobalSection
EndGlobal
